
Microsoft Visual Studio Solution File, Format Version 12.00
# Visual Studio Version 16
VisualStudioVersion = 16.0.30204.135
MinimumVisualStudioVersion = 10.0.40219.1
Project("{FAE04EC0-301F-11D3-BF4B-00C04F79EFBC}") = "MouseMover", "MouseMover\MouseMover.csproj", "{8CC6BB30-02BD-418E-AA22-E1CE8D35437B}"
EndProject
Global
	GlobalSection(SolutionConfigurationPlatforms) = preSolution
		Debug|Any CPU = Debug|Any CPU
		Release|Any CPU = Release|Any CPU
	EndGlobalSection
	GlobalSection(ProjectConfigurationPlatforms) = postSolution
		{8CC6BB30-02BD-418E-AA22-E1CE8D35437B}.Debug|Any CPU.ActiveCfg = Debug|Any CPU
		{8CC6BB30-02BD-418E-AA22-E1CE8D35437B}.Debug|Any CPU.Build.0 = Debug|Any CPU
		{8CC6BB30-02BD-418E-AA22-E1CE8D35437B}.Release|Any CPU.ActiveCfg = Release|Any CPU
		{8CC6BB30-02BD-418E-AA22-E1CE8D35437B}.Release|Any CPU.Build.0 = Release|Any CPU
	EndGlobalSection
	GlobalSection(SolutionProperties) = preSolution
		HideSolutionNode = FALSE
	EndGlobalSection
	GlobalSection(ExtensibilityGlobals) = postSolution
		SolutionGuid = {52DF48A7-F6B1-4721-8328-1D71955B96E1}
	EndGlobalSection
EndGlobal
